// !$*UTF8*$!
{
	archiveVersion = 1;
	classes = {
	};
	objectVersion = 50;
	objects = {

/* Begin PBXBuildFile section */
		D183003F25E07A5D003F8E92 /* AppDelegate.swift in Sources */ = {isa = PBXBuildFile; fileRef = D183003E25E07A5D003F8E92 /* AppDelegate.swift */; };
		D183004125E07A5D003F8E92 /* SceneDelegate.swift in Sources */ = {isa = PBXBuildFile; fileRef = D183004025E07A5D003F8E92 /* SceneDelegate.swift */; };
		D183004325E07A5D003F8E92 /* PhysicsViewController.swift in Sources */ = {isa = PBXBuildFile; fileRef = D183004225E07A5D003F8E92 /* PhysicsViewController.swift */; };
		D183004825E07A61003F8E92 /* Assets.xcassets in Resources */ = {isa = PBXBuildFile; fileRef = D183004725E07A61003F8E92 /* Assets.xcassets */; };
		D183004B25E07A61003F8E92 /* LaunchScreen.storyboard in Resources */ = {isa = PBXBuildFile; fileRef = D183004925E07A61003F8E92 /* LaunchScreen.storyboard */; };
		D19239E325EBA62B00BFDC10 /* Extensions.swift in Sources */ = {isa = PBXBuildFile; fileRef = D19239E225EBA62B00BFDC10 /* Extensions.swift */; };
		D1FAEE5725E2A2E700FB325E /* RoundView.swift in Sources */ = {isa = PBXBuildFile; fileRef = D1FAEE5625E2A2E700FB325E /* RoundView.swift */; };
/* End PBXBuildFile section */

/* Begin PBXFileReference section */
		D183003B25E07A5D003F8E92 /* UIKitDynamics.app */ = {isa = PBXFileReference; explicitFileType = wrapper.application; includeInIndex = 0; path = UIKitDynamics.app; sourceTree = BUILT_PRODUCTS_DIR; };
		D183003E25E07A5D003F8E92 /* AppDelegate.swift */ = {isa = PBXFileReference; lastKnownFileType = sourcecode.swift; path = AppDelegate.swift; sourceTree = "<group>"; };
		D183004025E07A5D003F8E92 /* SceneDelegate.swift */ = {isa = PBXFileReference; lastKnownFileType = sourcecode.swift; path = SceneDelegate.swift; sourceTree = "<group>"; };
		D183004225E07A5D003F8E92 /* PhysicsViewController.swift */ = {isa = PBXFileReference; lastKnownFileType = sourcecode.swift; path = PhysicsViewController.swift; sourceTree = "<group>"; };
		D183004725E07A61003F8E92 /* Assets.xcassets */ = {isa = PBXFileReference; lastKnownFileType = folder.assetcatalog; path = Assets.xcassets; sourceTree = "<group>"; };
		D183004A25E07A61003F8E92 /* Base */ = {isa = PBXFileReference; lastKnownFileType = file.storyboard; name = Base; path = Base.lproj/LaunchScreen.storyboard; sourceTree = "<group>"; };
		D183004C25E07A61003F8E92 /* Info.plist */ = {isa = PBXFileReference; lastKnownFileType = text.plist.xml; path = Info.plist; sourceTree = "<group>"; };
		D19239E225EBA62B00BFDC10 /* Extensions.swift */ = {isa = PBXFileReference; lastKnownFileType = sourcecode.swift; path = Extensions.swift; sourceTree = "<group>"; };
		D1FAEE5625E2A2E700FB325E /* RoundView.swift */ = {isa = PBXFileReference; lastKnownFileType = sourcecode.swift; path = RoundView.swift; sourceTree = "<group>"; };
/* End PBXFileReference section */

/* Begin PBXFrameworksBuildPhase section */
		D183003825E07A5D003F8E92 /* Frameworks */ = {
			isa = PBXFrameworksBuildPhase;
			buildActionMask = 2147483647;
			files = (
			);
			runOnlyForDeploymentPostprocessing = 0;
		};
/* End PBXFrameworksBuildPhase section */

/* Begin PBXGroup section */
		D183003225E07A5D003F8E92 = {
			isa = PBXGroup;
			children = (
				D183003D25E07A5D003F8E92 /* UIKitDynamics */,
				D183003C25E07A5D003F8E92 /* Products */,
			);
			sourceTree = "<group>";
		};
		D183003C25E07A5D003F8E92 /* Products */ = {
			isa = PBXGroup;
			children = (
				D183003B25E07A5D003F8E92 /* UIKitDynamics.app */,
			);
			name = Products;
			sourceTree = "<group>";
		};
		D183003D25E07A5D003F8E92 /* UIKitDynamics */ = {
			isa = PBXGroup;
			children = (
				D183003E25E07A5D003F8E92 /* AppDelegate.swift */,
				D183004025E07A5D003F8E92 /* SceneDelegate.swift */,
				D183004225E07A5D003F8E92 /* PhysicsViewController.swift */,
				D1FAEE5625E2A2E700FB325E /* RoundView.swift */,
				D19239E225EBA62B00BFDC10 /* Extensions.swift */,
				D183004725E07A61003F8E92 /* Assets.xcassets */,
				D183004925E07A61003F8E92 /* LaunchScreen.storyboard */,
				D183004C25E07A61003F8E92 /* Info.plist */,
			);
			path = UIKitDynamics;
			sourceTree = "<group>";
		};
/* End PBXGroup section */

/* Begin PBXNativeTarget section */
		D183003A25E07A5D003F8E92 /* UIKitDynamics */ = {
			isa = PBXNativeTarget;
			buildConfigurationList = D183004F25E07A61003F8E92 /* Build configuration list for PBXNativeTarget "UIKitDynamics" */;
			buildPhases = (
				D183003725E07A5D003F8E92 /* Sources */,
				D183003825E07A5D003F8E92 /* Frameworks */,
				D183003925E07A5D003F8E92 /* Resources */,
			);
			buildRules = (
			);
			dependencies = (
			);
			name = UIKitDynamics;
			productName = UIKitDynamics;
			productReference = D183003B25E07A5D003F8E92 /* UIKitDynamics.app */;
			productType = "com.apple.product-type.application";
		};
/* End PBXNativeTarget section */

/* Begin PBXProject section */
		D183003325E07A5D003F8E92 /* Project object */ = {
			isa = PBXProject;
			attributes = {
				LastSwiftUpdateCheck = 1230;
				LastUpgradeCheck = 1230;
				TargetAttributes = {
					D183003A25E07A5D003F8E92 = {
						CreatedOnToolsVersion = 12.3;
					};
				};
			};
			buildConfigurationList = D183003625E07A5D003F8E92 /* Build configuration list for PBXProject "UIKitDynamics" */;
			compatibilityVersion = "Xcode 9.3";
			developmentRegion = en;
			hasScannedForEncodings = 0;
			knownRegions = (
				en,
				Base,
			);
			mainGroup = D183003225E07A5D003F8E92;
			productRefGroup = D183003C25E07A5D003F8E92 /* Products */;
			projectDirPath = "";
			projectRoot = "";
			targets = (
				D183003A25E07A5D003F8E92 /* UIKitDynamics */,
			);
		};
/* End PBXProject section */

/* Begin PBXResourcesBuildPhase section */
		D183003925E07A5D003F8E92 /* Resources */ = {
			isa = PBXResourcesBuildPhase;
			buildActionMask = 2147483647;
			files = (
				D183004B25E07A61003F8E92 /* LaunchScreen.storyboard in Resources */,
				D183004825E07A61003F8E92 /* Assets.xcassets in Resources */,
			);
			runOnlyForDeploymentPostprocessing = 0;
		};
/* End PBXResourcesBuildPhase section */

/* Begin PBXSourcesBuildPhase section */
		D183003725E07A5D003F8E92 /* Sources */ = {
			isa = PBXSourcesBuildPhase;
			buildActionMask = 2147483647;
			files = (
				D19239E325EBA62B00BFDC10 /* Extensions.swift in Sources */,
				D183004325E07A5D003F8E92 /* PhysicsViewController.swift in Sources */,
				D1FAEE5725E2A2E700FB325E /* RoundView.swift in Sources */,
				D183003F25E07A5D003F8E92 /* AppDelegate.swift in Sources */,
				D183004125E07A5D003F8E92 /* SceneDelegate.swift in Sources */,
			);
			runOnlyForDeploymentPostprocessing = 0;
		};
/* End PBXSourcesBuildPhase section */

/* Begin PBXVariantGroup section */
		D183004925E07A61003F8E92 /* LaunchScreen.storyboard */ = {
			isa = PBXVariantGroup;
			children = (
				D183004A25E07A61003F8E92 /* Base */,
			);
			name = LaunchScreen.storyboard;
			sourceTree = "<group>";
		};
/* End PBXVariantGroup section */

/* Begin XCBuildConfiguration section */
		D183004D25E07A61003F8E92 /* Debug */ = {
			isa = XCBuildConfiguration;
			buildSettings = {
				ALWAYS_SEARCH_USER_PATHS = NO;
				CLANG_ANALYZER_NONNULL = YES;
				CLANG_ANALYZER_NUMBER_OBJECT_CONVERSION = YES_AGGRESSIVE;
				CLANG_CXX_LANGUAGE_STANDARD = "gnu++14";
				CLANG_CXX_LIBRARY = "libc++";
				CLANG_ENABLE_MODULES = YES;
				CLANG_ENABLE_OBJC_ARC = YES;
				CLANG_ENABLE_OBJC_WEAK = YES;
				CLANG_WARN_BLOCK_CAPTURE_AUTORELEASING = YES;
				CLANG_WARN_BOOL_CONVERSION = YES;
				CLANG_WARN_COMMA = YES;
				CLANG_WARN_CONSTANT_CONVERSION = YES;
				CLANG_WARN_DEPRECATED_OBJC_IMPLEMENTATIONS = YES;
				CLANG_WARN_DIRECT_OBJC_ISA_USAGE = YES_ERROR;
				CLANG_WARN_DOCUMENTATION_COMMENTS = YES;
				CLANG_WARN_EMPTY_BODY = YES;
				CLANG_WARN_ENUM_CONVERSION = YES;
				CLANG_WARN_INFINITE_RECURSION = YES;
				CLANG_WARN_INT_CONVERSION = YES;
				CLANG_WARN_NON_LITERAL_NULL_CONVERSION = YES;
				CLANG_WARN_OBJC_IMPLICIT_RETAIN_SELF = YES;
				CLANG_WARN_OBJC_LITERAL_CONVERSION = YES;
				CLANG_WARN_OBJC_ROOT_CLASS = YES_ERROR;
				CLANG_WARN_QUOTED_INCLUDE_IN_FRAMEWORK_HEADER = YES;
				CLANG_WARN_RANGE_LOOP_ANALYSIS = YES;
				CLANG_WARN_STRICT_PROTOTYPES = YES;
				CLANG_WARN_SUSPICIOUS_MOVE = YES;
				CLANG_WARN_UNGUARDED_AVAILABILITY = YES_AGGRESSIVE;
				CLANG_WARN_UNREACHABLE_CODE = YES;
				CLANG_WARN__DUPLICATE_METHOD_MATCH = YES;
				COPY_PHASE_STRIP = NO;
				DEBUG_INFORMATION_FORMAT = dwarf;
				ENABLE_STRICT_OBJC_MSGSEND = YES;
				ENABLE_TESTABILITY = YES;
				GCC_C_LANGUAGE_STANDARD = gnu11;
				GCC_DYNAMIC_NO_PIC = NO;
				GCC_NO_COMMON_BLOCKS = YES;
				GCC_OPTIMIZATION_LEVEL = 0;
				GCC_PREPROCESSOR_DEFINITIONS = (
					"DEBUG=1",
					"$(inherited)",
				);
				GCC_WARN_64_TO_32_BIT_CONVERSION = YES;
				GCC_WARN_ABOUT_RETURN_TYPE = YES_ERROR;
				GCC_WARN_UNDECLARED_SELECTOR = YES;
				GCC_WARN_UNINITIALIZED_AUTOS = YES_AGGRESSIVE;
				GCC_WARN_UNUSED_FUNCTION = YES;
				GCC_WARN_UNUSED_VARIABLE = YES;
				IPHONEOS_DEPLOYMENT_TARGET = 14.3;
				MTL_ENABLE_DEBUG_INFO = INCLUDE_SOURCE;
				MTL_FAST_MATH = YES;
				ONLY_ACTIVE_ARCH = YES;
				SDKROOT = iphoneos;
				SWIFT_ACTIVE_COMPILATION_CONDITIONS = DEBUG;
				SWIFT_OPTIMIZATION_LEVEL = "-Onone";
			};
			name = Debug;
		};
		D183004E25E07A61003F8E92 /* Release */ = {
			isa = XCBuildConfiguration;
			buildSettings = {
				ALWAYS_SEARCH_USER_PATHS = NO;
				CLANG_ANALYZER_NONNULL = YES;
				CLANG_ANALYZER_NUMBER_OBJECT_CONVERSION = YES_AGGRESSIVE;
				CLANG_CXX_LANGUAGE_STANDARD = "gnu++14";
				CLANG_CXX_LIBRARY = "libc++";
				CLANG_ENABLE_MODULES = YES;
				CLANG_ENABLE_OBJC_ARC = YES;
				CLANG_ENABLE_OBJC_WEAK = YES;
				CLANG_WARN_BLOCK_CAPTURE_AUTORELEASING = YES;
				CLANG_WARN_BOOL_CONVERSION = YES;
				CLANG_WARN_COMMA = YES;
				CLANG_WARN_CONSTANT_CONVERSION = YES;
				CLANG_WARN_DEPRECATED_OBJC_IMPLEMENTATIONS = YES;
				CLANG_WARN_DIRECT_OBJC_ISA_USAGE = YES_ERROR;
				CLANG_WARN_DOCUMENTATION_COMMENTS = YES;
				CLANG_WARN_EMPTY_BODY = YES;
				CLANG_WARN_ENUM_CONVERSION = YES;
				CLANG_WARN_INFINITE_RECURSION = YES;
				CLANG_WARN_INT_CONVERSION = YES;
				CLANG_WARN_NON_LITERAL_NULL_CONVERSION = YES;
				CLANG_WARN_OBJC_IMPLICIT_RETAIN_SELF = YES;
				CLANG_WARN_OBJC_LITERAL_CONVERSION = YES;
				CLANG_WARN_OBJC_ROOT_CLASS = YES_ERROR;
				CLANG_WARN_QUOTED_INCLUDE_IN_FRAMEWORK_HEADER = YES;
				CLANG_WARN_RANGE_LOOP_ANALYSIS = YES;
				CLANG_WARN_STRICT_PROTOTYPES = YES;
				CLANG_WARN_SUSPICIOUS_MOVE = YES;
				CLANG_WARN_UNGUARDED_AVAILABILITY = YES_AGGRESSIVE;
				CLANG_WARN_UNREACHABLE_CODE = YES;
				CLANG_WARN__DUPLICATE_METHOD_MATCH = YES;
				COPY_PHASE_STRIP = NO;
				DEBUG_INFORMATION_FORMAT = "dwarf-with-dsym";
				ENABLE_NS_ASSERTIONS = NO;
				ENABLE_STRICT_OBJC_MSGSEND = YES;
				GCC_C_LANGUAGE_STANDARD = gnu11;
				GCC_NO_COMMON_BLOCKS = YES;
				GCC_WARN_64_TO_32_BIT_CONVERSION = YES;
				GCC_WARN_ABOUT_RETURN_TYPE = YES_ERROR;
				GCC_WARN_UNDECLARED_SELECTOR = YES;
				GCC_WARN_UNINITIALIZED_AUTOS = YES_AGGRESSIVE;
				GCC_WARN_UNUSED_FUNCTION = YES;
				GCC_WARN_UNUSED_VARIABLE = YES;
				IPHONEOS_DEPLOYMENT_TARGET = 14.3;
				MTL_ENABLE_DEBUG_INFO = NO;
				MTL_FAST_MATH = YES;
				SDKROOT = iphoneos;
				SWIFT_COMPILATION_MODE = wholemodule;
				SWIFT_OPTIMIZATION_LEVEL = "-O";
				VALIDATE_PRODUCT = YES;
			};
			name = Release;
		};
		D183005025E07A61003F8E92 /* Debug */ = {
			isa = XCBuildConfiguration;
			buildSettings = {
				ASSETCATALOG_COMPILER_APPICON_NAME = AppIcon;
				ASSETCATALOG_COMPILER_GLOBAL_ACCENT_COLOR_NAME = AccentColor;
				CODE_SIGN_STYLE = Automatic;
				DEVELOPMENT_TEAM = UCRS3R4AUU;
				INFOPLIST_FILE = UIKitDynamics/Info.plist;
				LD_RUNPATH_SEARCH_PATHS = (
					"$(inherited)",
					"@executable_path/Frameworks",
				);
				PRODUCT_BUNDLE_IDENTIFIER = com.devMetah.UIKitDynamics;
				PRODUCT_NAME = "$(TARGET_NAME)";
				SWIFT_VERSION = 5.0;
				TARGETED_DEVICE_FAMILY = 1;
			};
			name = Debug;
		};
		D183005125E07A61003F8E92 /* Release */ = {
			isa = XCBuildConfiguration;
			buildSettings = {
				ASSETCATALOG_COMPILER_APPICON_NAME = AppIcon;
				ASSETCATALOG_COMPILER_GLOBAL_ACCENT_COLOR_NAME = AccentColor;
				CODE_SIGN_STYLE = Automatic;
				DEVELOPMENT_TEAM = UCRS3R4AUU;
				INFOPLIST_FILE = UIKitDynamics/Info.plist;
				LD_RUNPATH_SEARCH_PATHS = (
					"$(inherited)",
					"@executable_path/Frameworks",
				);
				PRODUCT_BUNDLE_IDENTIFIER = com.devMetah.UIKitDynamics;
				PRODUCT_NAME = "$(TARGET_NAME)";
				SWIFT_VERSION = 5.0;
				TARGETED_DEVICE_FAMILY = 1;
			};
			name = Release;
		};
/* End XCBuildConfiguration section */

/* Begin XCConfigurationList section */
		D183003625E07A5D003F8E92 /* Build configuration list for PBXProject "UIKitDynamics" */ = {
			isa = XCConfigurationList;
			buildConfigurations = (
				D183004D25E07A61003F8E92 /* Debug */,
				D183004E25E07A61003F8E92 /* Release */,
			);
			defaultConfigurationIsVisible = 0;
			defaultConfigurationName = Release;
		};
		D183004F25E07A61003F8E92 /* Build configuration list for PBXNativeTarget "UIKitDynamics" */ = {
			isa = XCConfigurationList;
			buildConfigurations = (
				D183005025E07A61003F8E92 /* Debug */,
				D183005125E07A61003F8E92 /* Release */,
			);
			defaultConfigurationIsVisible = 0;
			defaultConfigurationName = Release;
		};
/* End XCConfigurationList section */
	};
	rootObject = D183003325E07A5D003F8E92 /* Project object */;
}
